
Microsoft Visual Studio Solution File, Format Version 12.00
# Visual Studio Version 16
VisualStudioVersion = 16.0.29215.179
MinimumVisualStudioVersion = 10.0.40219.1
Project("{FAE04EC0-301F-11D3-BF4B-00C04F79EFBC}") = "GestureTypingCore", "GestureTypingCore\GestureTypingCore.csproj", "{041BC1AC-44AC-4A15-B413-6912588C9981}"
EndProject
Global
	GlobalSection(SolutionConfigurationPlatforms) = preSolution
		Debug|Any CPU = Debug|Any CPU
		Release|Any CPU = Release|Any CPU
	EndGlobalSection
	GlobalSection(ProjectConfigurationPlatforms) = postSolution
		{041BC1AC-44AC-4A15-B413-6912588C9981}.Debug|Any CPU.ActiveCfg = Debug|Any CPU
		{041BC1AC-44AC-4A15-B413-6912588C9981}.Debug|Any CPU.Build.0 = Debug|Any CPU
		{041BC1AC-44AC-4A15-B413-6912588C9981}.Release|Any CPU.ActiveCfg = Release|Any CPU
		{041BC1AC-44AC-4A15-B413-6912588C9981}.Release|Any CPU.Build.0 = Release|Any CPU
	EndGlobalSection
	GlobalSection(SolutionProperties) = preSolution
		HideSolutionNode = FALSE
	EndGlobalSection
	GlobalSection(ExtensibilityGlobals) = postSolution
		SolutionGuid = {80856D4E-350F-4527-BC1E-358970C69F12}
	EndGlobalSection
EndGlobal
